{
    "_readme": [
        "This file locks the dependencies of your project to a known state",
        "Read more about it at https://getcomposer.org/doc/01-basic-usage.md#installing-dependencies",
        "This file is @generated automatically"
    ],
    "content-hash": "41cc1a49b18c6fb7fdc8999cf82b4000",
    "packages": [
        {
            "name": "siemendev/checkout",
            "version": "dev-main",
            "dist": {
                "type": "path",
                "url": "../checkout",
                "reference": "ca3398d34f2d4373210f4bab3d208e090ca08388"
            },
            "require": {
                "php": ">=8.1"
            },
            "type": "library",
            "autoload": {
                "psr-4": {
                    "Siemendev\\Checkout\\": "src/"
                }
            },
            "authors": [
                {
                    "name": "Patrick Siemen",
                    "email": "post@patrick-siemen.de"
                }
            ],
            "description": "checkout abstraction",
            "transport-options": {
                "relative": true
            }
        }
    ],
    "packages-dev": [],
    "aliases": [],
    "minimum-stability": "dev",
    "stability-flags": {
        "siemendev/checkout": 20
    },
    "prefer-stable": false,
    "prefer-lowest": false,
    "platform": {
        "php": ">=8.1"
    },
    "platform-dev": [],
    "plugin-api-version": "2.3.0"
}
