{
    "_readme": [
        "This file locks the dependencies of your project to a known state",
        "Read more about it at https://getcomposer.org/doc/01-basic-usage.md#installing-dependencies",
        "This file is @generated automatically"
    ],
    "content-hash": "a38cf2786ccacf675e29f3d0077dba7b",
    "packages": [
        {
            "name": "mpociot/vat-calculator",
            "version": "3.4.0",
            "source": {
                "type": "git",
                "url": "https://github.com/driesvints/vat-calculator.git",
                "reference": "10db0918cd040308590454ecc42433951284749a"
            },
            "dist": {
                "type": "zip",
                "url": "https://api.github.com/repos/driesvints/vat-calculator/zipball/10db0918cd040308590454ecc42433951284749a",
                "reference": "10db0918cd040308590454ecc42433951284749a",
                "shasum": ""
            },
            "require": {
                "ext-json": "*",
                "ext-soap": "*",
                "php": "^7.3|~8.0.0|~8.1.0|~8.2.0"
            },
            "require-dev": {
                "illuminate/contracts": "^6.0|^7.0|^8.0|^9.0|^10.0",
                "mockery/mockery": "^1.3.3",
                "orchestra/testbench": "^4.0|^5.0|^6.0|^7.0|^8.0",
                "phpunit/phpunit": "^9.5"
            },
            "type": "library",
            "extra": {
                "branch-alias": {
                    "dev-master": "3.x-dev"
                },
                "laravel": {
                    "providers": [
                        "Mpociot\\VatCalculator\\VatCalculatorServiceProvider"
                    ],
                    "aliases": {
                        "VatCalculator": "Mpociot\\VatCalculator\\Facades\\VatCalculator"
                    }
                }
            },
            "autoload": {
                "psr-4": {
                    "Mpociot\\VatCalculator\\": "src/"
                }
            },
            "notification-url": "https://packagist.org/downloads/",
            "license": [
                "MIT"
            ],
            "authors": [
                {
                    "name": "Marcel Pociot",
                    "email": "m.pociot@gmail.com"
                },
                {
                    "name": "Dries Vints",
                    "homepage": "https://driesvints.com"
                }
            ],
            "description": "EU VAT calculation, the way it should be.",
            "keywords": [
                "EU Moss",
                "VAT ID",
                "cashier",
                "tax",
                "tax calculation",
                "vat",
                "vat calculation"
            ],
            "support": {
                "issues": "https://github.com/driesvints/vat-calculator/issues",
                "source": "https://github.com/driesvints/vat-calculator/tree/3.4.0"
            },
            "funding": [
                {
                    "url": "https://github.com/driesvints",
                    "type": "github"
                }
            ],
            "time": "2023-06-09T09:21:38+00:00"
        },
        {
            "name": "siemendev/checkout",
            "version": "0.1.0",
            "dist": {
                "type": "path",
                "url": "../checkout",
                "reference": "fea3ce7b9a1a10fa238a0139636f9c77a1912b87"
            },
            "require": {
                "php": ">=8.1"
            },
            "type": "library",
            "autoload": {
                "psr-4": {
                    "Siemendev\\Checkout\\": "src/"
                }
            },
            "authors": [
                {
                    "name": "Patrick Siemen",
                    "email": "post@patrick-siemen.de"
                }
            ],
            "description": "checkout abstraction",
            "transport-options": {
                "relative": true
            }
        },
        {
            "name": "siemendev/checkout-products",
            "version": "0.1.0",
            "dist": {
                "type": "path",
                "url": "../products",
                "reference": "2a4498d512823060168f55233b7042c986f4c86f"
            },
            "require": {
                "php": ">=8.1",
                "siemendev/checkout": "*"
            },
            "type": "library",
            "autoload": {
                "psr-4": {
                    "Siemendev\\Checkout\\Products\\": "src/"
                }
            },
            "authors": [
                {
                    "name": "Patrick Siemen",
                    "email": "post@patrick-siemen.de"
                }
            ],
            "description": "checkout products implementation",
            "transport-options": {
                "relative": true
            }
        }
    ],
    "packages-dev": [],
    "aliases": [],
    "minimum-stability": "stable",
    "stability-flags": [],
    "prefer-stable": false,
    "prefer-lowest": false,
    "platform": {
        "php": ">=8.1"
    },
    "platform-dev": [],
    "plugin-api-version": "2.3.0"
}
