{
    "_readme": [
        "This file locks the dependencies of your project to a known state",
        "Read more about it at https://getcomposer.org/doc/01-basic-usage.md#installing-dependencies",
        "This file is @generated automatically"
    ],
    "content-hash": "7283f87c7ec6ff8488eec1ef3513870f",
    "packages": [
        {
            "name": "siemendev/checkout",
            "version": "0.1.0",
            "dist": {
                "type": "path",
                "url": "../checkout",
                "reference": "fea3ce7b9a1a10fa238a0139636f9c77a1912b87"
            },
            "require": {
                "php": ">=8.1"
            },
            "type": "library",
            "autoload": {
                "psr-4": {
                    "Siemendev\\Checkout\\": "src/"
                }
            },
            "authors": [
                {
                    "name": "Patrick Siemen",
                    "email": "post@patrick-siemen.de"
                }
            ],
            "description": "checkout abstraction",
            "transport-options": {
                "relative": true
            }
        },
        {
            "name": "siemendev/checkout-payment",
            "version": "0.1.0",
            "dist": {
                "type": "path",
                "url": "../payment",
                "reference": "7bf7b4d3ba28de4010a7b324fa6865ef33d0436b"
            },
            "require": {
                "php": ">=8.1",
                "siemendev/checkout": "*",
                "siemendev/checkout-products": "*"
            },
            "type": "library",
            "autoload": {
                "psr-4": {
                    "Siemendev\\Checkout\\Payment\\": "src/"
                }
            },
            "authors": [
                {
                    "name": "Patrick Siemen",
                    "email": "post@patrick-siemen.de"
                }
            ],
            "description": "checkout payment implementation",
            "transport-options": {
                "relative": true
            }
        },
        {
            "name": "siemendev/checkout-products",
            "version": "0.1.0",
            "dist": {
                "type": "path",
                "url": "../products",
                "reference": "2a4498d512823060168f55233b7042c986f4c86f"
            },
            "require": {
                "php": ">=8.1",
                "siemendev/checkout": "*"
            },
            "type": "library",
            "autoload": {
                "psr-4": {
                    "Siemendev\\Checkout\\Products\\": "src/"
                }
            },
            "authors": [
                {
                    "name": "Patrick Siemen",
                    "email": "post@patrick-siemen.de"
                }
            ],
            "description": "checkout products implementation",
            "transport-options": {
                "relative": true
            }
        }
    ],
    "packages-dev": [],
    "aliases": [],
    "minimum-stability": "stable",
    "stability-flags": [],
    "prefer-stable": false,
    "prefer-lowest": false,
    "platform": {
        "php": ">=8.1"
    },
    "platform-dev": [],
    "plugin-api-version": "2.3.0"
}
